<?xml version="1.0" encoding="utf-8"?>
<Project ToolsVersion="4.0" xmlns="http://schemas.microsoft.com/developer/msbuild/2003">
  <ItemGroup>
    <Filter Include="Mode">
      <UniqueIdentifier>{8128285b-c735-4540-bb1f-3167ca3153d1}</UniqueIdentifier>
    </Filter>
    <Filter Include="Object">
      <UniqueIdentifier>{5888e711-37ce-4403-af4e-390fc03623ce}</UniqueIdentifier>
    </Filter>
    <Filter Include="Application">
      <UniqueIdentifier>{b724c6b3-2c26-475c-872d-38c0c2ff6fe8}</UniqueIdentifier>
    </Filter>
    <Filter Include="System">
      <UniqueIdentifier>{e3361004-0386-4a29-b863-8643de4291b7}</UniqueIdentifier>
    </Filter>
    <Filter Include="Object\camera">
      <UniqueIdentifier>{f8287806-90a8-4312-a6d4-27294e54feb1}</UniqueIdentifier>
    </Filter>
  </ItemGroup>
  <ItemGroup>
    <ClInclude Include="source\modeEnd.h">
      <Filter>Mode</Filter>
    </ClInclude>
    <ClInclude Include="source\modeGame.h">
      <Filter>Mode</Filter>
    </ClInclude>
    <ClInclude Include="source\modeTest.h">
      <Filter>Mode</Filter>
    </ClInclude>
    <ClInclude Include="source\modeTitle.h">
      <Filter>Mode</Filter>
    </ClInclude>
    <ClInclude Include="source\gameObjectBase.h">
      <Filter>Object</Filter>
    </ClInclude>
    <ClInclude Include="source\player.h">
      <Filter>Object</Filter>
    </ClInclude>
    <ClInclude Include="source\gameMain.h">
      <Filter>Application</Filter>
    </ClInclude>
    <ClInclude Include="source\precompiledHeader.h">
      <Filter>Application</Filter>
    </ClInclude>
    <ClInclude Include="source\camera.h">
      <Filter>Object\camera</Filter>
    </ClInclude>
  </ItemGroup>
  <ItemGroup>
    <ClCompile Include="source\modeEnd.cpp">
      <Filter>Mode</Filter>
    </ClCompile>
    <ClCompile Include="source\modeGame.cpp">
      <Filter>Mode</Filter>
    </ClCompile>
    <ClCompile Include="source\modeTest.cpp">
      <Filter>Mode</Filter>
    </ClCompile>
    <ClCompile Include="source\modeTitle.cpp">
      <Filter>Mode</Filter>
    </ClCompile>
    <ClCompile Include="source\gameObjectBase.cpp">
      <Filter>Object</Filter>
    </ClCompile>
    <ClCompile Include="source\player.cpp">
      <Filter>Object</Filter>
    </ClCompile>
    <ClCompile Include="source\precompiledHeader.cpp">
      <Filter>Application</Filter>
    </ClCompile>
    <ClCompile Include="source\gameMain.cpp">
      <Filter>Application</Filter>
    </ClCompile>
    <ClCompile Include="source\camera.cpp">
      <Filter>Object\camera</Filter>
    </ClCompile>
  </ItemGroup>
</Project>